
Microsoft Visual Studio Solution File, Format Version 12.00
# Visual Studio Version 16
VisualStudioVersion = 16.0.31005.135
MinimumVisualStudioVersion = 10.0.40219.1
Project("{9A19103F-16F7-4668-BE54-9A1E7A4F7556}") = "AJ3.WebApp", "AJ3.WebApp\AJ3.WebApp.csproj", "{C91FD3AB-C332-4018-BF3F-5E2057B73FF9}"
EndProject
Project("{FAE04EC0-301F-11D3-BF4B-00C04F79EFBC}") = "AJ3.Core", "AJ3.Core\AJ3.Core.csproj", "{42BE34C0-7272-4533-AAFE-E4B679929989}"
EndProject
Global
	GlobalSection(SolutionConfigurationPlatforms) = preSolution
		Debug|Any CPU = Debug|Any CPU
		Release|Any CPU = Release|Any CPU
	EndGlobalSection
	GlobalSection(ProjectConfigurationPlatforms) = postSolution
		{C91FD3AB-C332-4018-BF3F-5E2057B73FF9}.Debug|Any CPU.ActiveCfg = Debug|Any CPU
		{C91FD3AB-C332-4018-BF3F-5E2057B73FF9}.Debug|Any CPU.Build.0 = Debug|Any CPU
		{C91FD3AB-C332-4018-BF3F-5E2057B73FF9}.Release|Any CPU.ActiveCfg = Release|Any CPU
		{C91FD3AB-C332-4018-BF3F-5E2057B73FF9}.Release|Any CPU.Build.0 = Release|Any CPU
		{42BE34C0-7272-4533-AAFE-E4B679929989}.Debug|Any CPU.ActiveCfg = Debug|Any CPU
		{42BE34C0-7272-4533-AAFE-E4B679929989}.Debug|Any CPU.Build.0 = Debug|Any CPU
		{42BE34C0-7272-4533-AAFE-E4B679929989}.Release|Any CPU.ActiveCfg = Release|Any CPU
		{42BE34C0-7272-4533-AAFE-E4B679929989}.Release|Any CPU.Build.0 = Release|Any CPU
	EndGlobalSection
	GlobalSection(SolutionProperties) = preSolution
		HideSolutionNode = FALSE
	EndGlobalSection
	GlobalSection(ExtensibilityGlobals) = postSolution
		SolutionGuid = {A36A6632-C514-49E5-8BF9-FD052F328FA2}
	EndGlobalSection
EndGlobal
